{
  "name": "biteval",
  "version": "1.0.0",
  "lockfileVersion": 3,
  "requires": true,
  "packages": {
    "": {
      "name": "biteval",
      "version": "1.0.0",
      "license": "ISC",
      "dependencies": {
        "serialize-error-cjs": "^0.2.0"
      }
    },
    "node_modules/serialize-error-cjs": {
      "version": "0.2.0",
      "resolved": "https://registry.npmjs.org/serialize-error-cjs/-/serialize-error-cjs-0.2.0.tgz",
      "integrity": "sha512-Phvx+w3MTgexuKnaIOkehfKCg1uF/DWfCRqg6F6haFz0qnyn1Fboo5MRedcgZitgi/chw+lM5hxZhw4OSA0gqQ==",
      "license": "MIT-0",
      "funding": {
        "url": "https://github.com/sponsors/finwo"
      }
    }
  }
}
